# This file is automatically @generated by Wally.
# It is not intended for manual editing.
registry = "test"

[[package]]
name = "elttob/fusion"
version = "0.3.0"
dependencies = []

[[package]]
name = "evaera/cmdr"
version = "1.12.0"
dependencies = []

[[package]]
name = "evaera/promise"
version = "4.0.0"
dependencies = []

[[package]]
name = "l3g5nd/goodsignal"
version = "2.0.0"
dependencies = []

[[package]]
name = "matter-ecs/matter"
version = "0.8.5"
dependencies = []

[[package]]
name = "pepeeltoro41/ui-labs"
version = "2.3.8"
dependencies = []

[[package]]
name = "sleitnick/comm"
version = "1.0.1"
dependencies = [["Option", "sleitnick/option@1.0.5"], ["Promise", "evaera/promise@4.0.0"], ["Signal", "sleitnick/signal@2.0.3"]]

[[package]]
name = "sleitnick/knit"
version = "1.7.0"
dependencies = [["Comm", "sleitnick/comm@1.0.1"], ["Promise", "evaera/promise@4.0.0"]]

[[package]]
name = "sleitnick/option"
version = "1.0.5"
dependencies = []

[[package]]
name = "sleitnick/signal"
version = "2.0.3"
dependencies = []

[[package]]
name = "sleitnick/trove"
version = "1.5.0"
dependencies = []

[[package]]
name = "victo/escape-island"
version = "0.1.0"
dependencies = [["cmdr", "evaera/cmdr@1.12.0"], ["fusion", "elttob/fusion@0.3.0"], ["goodsignal", "l3g5nd/goodsignal@2.0.0"], ["knit", "sleitnick/knit@1.7.0"], ["matter", "matter-ecs/matter@0.8.5"], ["promise", "evaera/promise@4.0.0"], ["trove", "sleitnick/trove@1.5.0"], ["ui-labs", "pepeeltoro41/ui-labs@2.3.8"], ["profilestore", "vyon/profilestore@1.0.3"]]

[[package]]
name = "vyon/profilestore"
version = "1.0.3"
dependencies = []
